
Microsoft Visual Studio Solution File, Format Version 12.00
# Visual Studio Version 17
VisualStudioVersion = 17.1.32210.238
MinimumVisualStudioVersion = 10.0.40219.1
Project("{FAE04EC0-301F-11D3-BF4B-00C04F79EFBC}") = "UserSupportManagement", "UserSupportManagement\UserSupportManagement.csproj", "{52D1C1AC-05B5-4A50-AEE4-5DB73469FEB6}"
EndProject
Global
	GlobalSection(SolutionConfigurationPlatforms) = preSolution
		Debug|Any CPU = Debug|Any CPU
		Release|Any CPU = Release|Any CPU
	EndGlobalSection
	GlobalSection(ProjectConfigurationPlatforms) = postSolution
		{52D1C1AC-05B5-4A50-AEE4-5DB73469FEB6}.Debug|Any CPU.ActiveCfg = Debug|Any CPU
		{52D1C1AC-05B5-4A50-AEE4-5DB73469FEB6}.Debug|Any CPU.Build.0 = Debug|Any CPU
		{52D1C1AC-05B5-4A50-AEE4-5DB73469FEB6}.Release|Any CPU.ActiveCfg = Release|Any CPU
		{52D1C1AC-05B5-4A50-AEE4-5DB73469FEB6}.Release|Any CPU.Build.0 = Release|Any CPU
	EndGlobalSection
	GlobalSection(SolutionProperties) = preSolution
		HideSolutionNode = FALSE
	EndGlobalSection
	GlobalSection(ExtensibilityGlobals) = postSolution
		SolutionGuid = {BBDA0B31-92FF-482F-AC61-9D6F1850D16C}
	EndGlobalSection
EndGlobal
